
Microsoft Visual Studio Solution File, Format Version 12.00
# Visual Studio Version 16
VisualStudioVersion = 16.0.31019.35
MinimumVisualStudioVersion = 10.0.40219.1
Project("{FAE04EC0-301F-11D3-BF4B-00C04F79EFBC}") = "Oblig1", "Oblig1.csproj", "{831FA6C7-A67A-47F2-8CF5-AA53D04F59A6}"
EndProject
Project("{FAE04EC0-301F-11D3-BF4B-00C04F79EFBC}") = "ObligTest", "..\ObligTest\ObligTest.csproj", "{EFC20783-2876-4B7E-868D-A8A95270EA5A}"
EndProject
Global
	GlobalSection(SolutionConfigurationPlatforms) = preSolution
		Debug|Any CPU = Debug|Any CPU
		Release|Any CPU = Release|Any CPU
	EndGlobalSection
	GlobalSection(ProjectConfigurationPlatforms) = postSolution
		{831FA6C7-A67A-47F2-8CF5-AA53D04F59A6}.Debug|Any CPU.ActiveCfg = Debug|Any CPU
		{831FA6C7-A67A-47F2-8CF5-AA53D04F59A6}.Debug|Any CPU.Build.0 = Debug|Any CPU
		{831FA6C7-A67A-47F2-8CF5-AA53D04F59A6}.Release|Any CPU.ActiveCfg = Release|Any CPU
		{831FA6C7-A67A-47F2-8CF5-AA53D04F59A6}.Release|Any CPU.Build.0 = Release|Any CPU
		{EFC20783-2876-4B7E-868D-A8A95270EA5A}.Debug|Any CPU.ActiveCfg = Debug|Any CPU
		{EFC20783-2876-4B7E-868D-A8A95270EA5A}.Debug|Any CPU.Build.0 = Debug|Any CPU
		{EFC20783-2876-4B7E-868D-A8A95270EA5A}.Release|Any CPU.ActiveCfg = Release|Any CPU
		{EFC20783-2876-4B7E-868D-A8A95270EA5A}.Release|Any CPU.Build.0 = Release|Any CPU
	EndGlobalSection
	GlobalSection(SolutionProperties) = preSolution
		HideSolutionNode = FALSE
	EndGlobalSection
	GlobalSection(ExtensibilityGlobals) = postSolution
		SolutionGuid = {1EA99085-6C1C-4B47-9261-2BB4B032ED9B}
	EndGlobalSection
EndGlobal
